{
  "name": "demo",
  "lockfileVersion": 3,
  "requires": true,
  "packages": {
    "": {
      "dependencies": {
        "@adyen/adyen-web": "^6.18.0"
      }
    },
    "node_modules/@adyen/adyen-web": {
      "version": "6.18.0",
      "resolved": "https://registry.npmjs.org/@adyen/adyen-web/-/adyen-web-6.18.0.tgz",
      "integrity": "sha512-Hu2lawlvPkULSdDyClliBH9uoFmgF/9BkL1FZwz38qn/BF4jZAilcA6tzlU3hyArr1HmoO2X79eGATXx1HGY+Q==",
      "license": "MIT",
      "dependencies": {
        "@types/applepayjs": "14.0.9",
        "@types/googlepay": "0.7.6",
        "classnames": "2.5.1",
        "preact": "10.22.1"
      }
    },
    "node_modules/@types/applepayjs": {
      "version": "14.0.9",
      "resolved": "https://registry.npmjs.org/@types/applepayjs/-/applepayjs-14.0.9.tgz",
      "integrity": "sha512-xEprYbb0TEP/XIiDPbVnTYpDai8fTFpsQfVSfTd81Is2GOMUy7ie019eyX6Mz2ECxfjoUVKaiGSL577roIeHCg==",
      "license": "MIT"
    },
    "node_modules/@types/googlepay": {
      "version": "0.7.6",
      "resolved": "https://registry.npmjs.org/@types/googlepay/-/googlepay-0.7.6.tgz",
      "integrity": "sha512-5003wG+qvf4Ktf1hC9IJuRakNzQov00+Xf09pAWGJLpdOjUrq0SSLCpXX7pwSeTG9r5hrdzq1iFyZcW7WVyr4g==",
      "license": "MIT"
    },
    "node_modules/classnames": {
      "version": "2.5.1",
      "resolved": "https://registry.npmjs.org/classnames/-/classnames-2.5.1.tgz",
      "integrity": "sha512-saHYOzhIQs6wy2sVxTM6bUDsQO4F50V9RQ22qBpEdCW+I+/Wmke2HOl6lS6dTpdxVhb88/I6+Hs+438c3lfUow==",
      "license": "MIT"
    },
    "node_modules/preact": {
      "version": "10.22.1",
      "resolved": "https://registry.npmjs.org/preact/-/preact-10.22.1.tgz",
      "integrity": "sha512-jRYbDDgMpIb5LHq3hkI0bbl+l/TQ9UnkdQ0ww+lp+4MMOdqaUYdFc5qeyP+IV8FAd/2Em7drVPeKdQxsiWCf/A==",
      "license": "MIT",
      "funding": {
        "type": "opencollective",
        "url": "https://opencollective.com/preact"
      }
    }
  }
}
